
Microsoft Visual Studio Solution File, Format Version 12.00
# Visual Studio Version 16
VisualStudioVersion = 16.0.29403.142
MinimumVisualStudioVersion = 10.0.40219.1
Project("{9A19103F-16F7-4668-BE54-9A1E7A4F7556}") = "CDT.OCR.Microsoft.Azure", "CDT.OCR.MicrosoftAzure\CDT.OCR.Microsoft.Azure.csproj", "{10BAD586-F6E9-481F-A1FF-54812636F7B9}"
EndProject
Project("{9A19103F-16F7-4668-BE54-9A1E7A4F7556}") = "CDT.Accessibility.Remediation", "CDT.DocumentAccessibility\CDT.Accessibility.Remediation.csproj", "{D9934C30-C8D3-4642-9612-6B09A9A439ED}"
EndProject
Project("{9A19103F-16F7-4668-BE54-9A1E7A4F7556}") = "CDT.Helpers", "CDT.Helpers\CDT.Helpers.csproj", "{D58B8C08-4C20-4494-BD34-F12DB4BCB025}"
EndProject
Project("{9A19103F-16F7-4668-BE54-9A1E7A4F7556}") = "CDT.PDF.IText", "CDT.PDF.IText\CDT.PDF.IText.csproj", "{47A3DC16-FDFA-4B77-89CD-7C4373510CED}"
EndProject
Project("{FAE04EC0-301F-11D3-BF4B-00C04F79EFBC}") = "CDT.Accessibility.UI", "CDT.Accessibility.UI\CDT.Accessibility.UI.csproj", "{BA3AC25D-E09C-49C2-BC4E-DA073BB573F7}"
EndProject
Project("{9A19103F-16F7-4668-BE54-9A1E7A4F7556}") = "CDT.Log", "CDT.Log\CDT.Log.csproj", "{5E4E1A43-6671-488C-B7DF-46A3B977CE75}"
EndProject
Project("{FAE04EC0-301F-11D3-BF4B-00C04F79EFBC}") = "TestHarness", "TestHarness\TestHarness.csproj", "{B045328B-331C-47AF-BB9E-AB25C338D2E1}"
EndProject
Project("{9A19103F-16F7-4668-BE54-9A1E7A4F7556}") = "CDT.HelpersTests", "CDT.HelpersTests\CDT.HelpersTests.csproj", "{00E262BF-FFF4-48C3-98E7-9A29E7F79925}"
EndProject
Project("{9A19103F-16F7-4668-BE54-9A1E7A4F7556}") = "CDT.PDF.ITextTests", "CDT.PDF.ITextTests\CDT.PDF.ITextTests.csproj", "{99C3DD44-5BB5-4253-8F39-F2EDDBCD51D5}"
EndProject
Project("{9A19103F-16F7-4668-BE54-9A1E7A4F7556}") = "CDT.Acrobat", "CDT.Acrobat\CDT.Acrobat.csproj", "{DF1EE4D4-DBD6-4755-9340-F0511471ADDF}"
EndProject
Project("{FAE04EC0-301F-11D3-BF4B-00C04F79EFBC}") = "CDT.Windows", "CDT.Windows\CDT.Windows.csproj", "{CAFAFA15-DDEF-46F8-8F34-68341C898BF5}"
EndProject
Project("{2150E333-8FDC-42A3-9474-1A3956D46DE8}") = "Tests", "Tests", "{5822D1BF-22D6-409F-AD30-8543353EC433}"
EndProject
Project("{2150E333-8FDC-42A3-9474-1A3956D46DE8}") = "Shared", "Shared", "{3ED9A2E5-7343-4A7D-BA7B-3157257A854A}"
EndProject
Project("{FAE04EC0-301F-11D3-BF4B-00C04F79EFBC}") = "CDT.WindowsTests", "CDT.WindowsTests\CDT.WindowsTests.csproj", "{8058CDB6-883D-4224-A328-167BAC9607D4}"
EndProject
Project("{2150E333-8FDC-42A3-9474-1A3956D46DE8}") = "Documents", "Documents", "{1E142686-5960-4575-BAD3-67AD199F1347}"
	ProjectSection(SolutionItems) = preProject
		Documents\OCRBotSettings.vsdx = Documents\OCRBotSettings.vsdx
	EndProjectSection
EndProject
Project("{9A19103F-16F7-4668-BE54-9A1E7A4F7556}") = "CDT.Data", "CDT.Data\CDT.Data.csproj", "{6C72C061-5450-4641-A34D-FF841704637C}"
EndProject
Project("{FAE04EC0-301F-11D3-BF4B-00C04F79EFBC}") = "CDT.Acrobat.Tests", "CDT.Acrobat.Tests\CDT.Acrobat.Tests.csproj", "{40AAD445-FBF9-40FA-90F9-88165A478D56}"
EndProject
Global
	GlobalSection(SolutionConfigurationPlatforms) = preSolution
		Debug|Any CPU = Debug|Any CPU
		Release|Any CPU = Release|Any CPU
		UAT Pre-release|Any CPU = UAT Pre-release|Any CPU
	EndGlobalSection
	GlobalSection(ProjectConfigurationPlatforms) = postSolution
		{10BAD586-F6E9-481F-A1FF-54812636F7B9}.Debug|Any CPU.ActiveCfg = Debug|Any CPU
		{10BAD586-F6E9-481F-A1FF-54812636F7B9}.Debug|Any CPU.Build.0 = Debug|Any CPU
		{10BAD586-F6E9-481F-A1FF-54812636F7B9}.Release|Any CPU.ActiveCfg = Release|Any CPU
		{10BAD586-F6E9-481F-A1FF-54812636F7B9}.Release|Any CPU.Build.0 = Release|Any CPU
		{10BAD586-F6E9-481F-A1FF-54812636F7B9}.UAT Pre-release|Any CPU.ActiveCfg = UAT Pre-release|Any CPU
		{10BAD586-F6E9-481F-A1FF-54812636F7B9}.UAT Pre-release|Any CPU.Build.0 = UAT Pre-release|Any CPU
		{D9934C30-C8D3-4642-9612-6B09A9A439ED}.Debug|Any CPU.ActiveCfg = Debug|Any CPU
		{D9934C30-C8D3-4642-9612-6B09A9A439ED}.Debug|Any CPU.Build.0 = Debug|Any CPU
		{D9934C30-C8D3-4642-9612-6B09A9A439ED}.Release|Any CPU.ActiveCfg = Release|Any CPU
		{D9934C30-C8D3-4642-9612-6B09A9A439ED}.Release|Any CPU.Build.0 = Release|Any CPU
		{D9934C30-C8D3-4642-9612-6B09A9A439ED}.UAT Pre-release|Any CPU.ActiveCfg = UAT Pre-release|Any CPU
		{D9934C30-C8D3-4642-9612-6B09A9A439ED}.UAT Pre-release|Any CPU.Build.0 = UAT Pre-release|Any CPU
		{D58B8C08-4C20-4494-BD34-F12DB4BCB025}.Debug|Any CPU.ActiveCfg = Debug|Any CPU
		{D58B8C08-4C20-4494-BD34-F12DB4BCB025}.Debug|Any CPU.Build.0 = Debug|Any CPU
		{D58B8C08-4C20-4494-BD34-F12DB4BCB025}.Release|Any CPU.ActiveCfg = Release|Any CPU
		{D58B8C08-4C20-4494-BD34-F12DB4BCB025}.Release|Any CPU.Build.0 = Release|Any CPU
		{D58B8C08-4C20-4494-BD34-F12DB4BCB025}.UAT Pre-release|Any CPU.ActiveCfg = UAT Pre-release|Any CPU
		{D58B8C08-4C20-4494-BD34-F12DB4BCB025}.UAT Pre-release|Any CPU.Build.0 = UAT Pre-release|Any CPU
		{47A3DC16-FDFA-4B77-89CD-7C4373510CED}.Debug|Any CPU.ActiveCfg = Debug|Any CPU
		{47A3DC16-FDFA-4B77-89CD-7C4373510CED}.Debug|Any CPU.Build.0 = Debug|Any CPU
		{47A3DC16-FDFA-4B77-89CD-7C4373510CED}.Release|Any CPU.ActiveCfg = Release|Any CPU
		{47A3DC16-FDFA-4B77-89CD-7C4373510CED}.Release|Any CPU.Build.0 = Release|Any CPU
		{47A3DC16-FDFA-4B77-89CD-7C4373510CED}.UAT Pre-release|Any CPU.ActiveCfg = UAT Pre-release|Any CPU
		{47A3DC16-FDFA-4B77-89CD-7C4373510CED}.UAT Pre-release|Any CPU.Build.0 = UAT Pre-release|Any CPU
		{BA3AC25D-E09C-49C2-BC4E-DA073BB573F7}.Debug|Any CPU.ActiveCfg = Debug|Any CPU
		{BA3AC25D-E09C-49C2-BC4E-DA073BB573F7}.Debug|Any CPU.Build.0 = Debug|Any CPU
		{BA3AC25D-E09C-49C2-BC4E-DA073BB573F7}.Release|Any CPU.ActiveCfg = Release|Any CPU
		{BA3AC25D-E09C-49C2-BC4E-DA073BB573F7}.Release|Any CPU.Build.0 = Release|Any CPU
		{BA3AC25D-E09C-49C2-BC4E-DA073BB573F7}.UAT Pre-release|Any CPU.ActiveCfg = UAT Pre-release|Any CPU
		{BA3AC25D-E09C-49C2-BC4E-DA073BB573F7}.UAT Pre-release|Any CPU.Build.0 = UAT Pre-release|Any CPU
		{5E4E1A43-6671-488C-B7DF-46A3B977CE75}.Debug|Any CPU.ActiveCfg = Debug|Any CPU
		{5E4E1A43-6671-488C-B7DF-46A3B977CE75}.Debug|Any CPU.Build.0 = Debug|Any CPU
		{5E4E1A43-6671-488C-B7DF-46A3B977CE75}.Release|Any CPU.ActiveCfg = Release|Any CPU
		{5E4E1A43-6671-488C-B7DF-46A3B977CE75}.Release|Any CPU.Build.0 = Release|Any CPU
		{5E4E1A43-6671-488C-B7DF-46A3B977CE75}.UAT Pre-release|Any CPU.ActiveCfg = UAT Pre-release|Any CPU
		{5E4E1A43-6671-488C-B7DF-46A3B977CE75}.UAT Pre-release|Any CPU.Build.0 = UAT Pre-release|Any CPU
		{B045328B-331C-47AF-BB9E-AB25C338D2E1}.Debug|Any CPU.ActiveCfg = Debug|Any CPU
		{B045328B-331C-47AF-BB9E-AB25C338D2E1}.Debug|Any CPU.Build.0 = Debug|Any CPU
		{B045328B-331C-47AF-BB9E-AB25C338D2E1}.Release|Any CPU.ActiveCfg = Release|Any CPU
		{B045328B-331C-47AF-BB9E-AB25C338D2E1}.Release|Any CPU.Build.0 = Release|Any CPU
		{B045328B-331C-47AF-BB9E-AB25C338D2E1}.UAT Pre-release|Any CPU.ActiveCfg = UAT Pre-release|Any CPU
		{B045328B-331C-47AF-BB9E-AB25C338D2E1}.UAT Pre-release|Any CPU.Build.0 = UAT Pre-release|Any CPU
		{00E262BF-FFF4-48C3-98E7-9A29E7F79925}.Debug|Any CPU.ActiveCfg = Debug|Any CPU
		{00E262BF-FFF4-48C3-98E7-9A29E7F79925}.Debug|Any CPU.Build.0 = Debug|Any CPU
		{00E262BF-FFF4-48C3-98E7-9A29E7F79925}.Release|Any CPU.ActiveCfg = Release|Any CPU
		{00E262BF-FFF4-48C3-98E7-9A29E7F79925}.Release|Any CPU.Build.0 = Release|Any CPU
		{00E262BF-FFF4-48C3-98E7-9A29E7F79925}.UAT Pre-release|Any CPU.ActiveCfg = UAT Pre-release|Any CPU
		{00E262BF-FFF4-48C3-98E7-9A29E7F79925}.UAT Pre-release|Any CPU.Build.0 = UAT Pre-release|Any CPU
		{99C3DD44-5BB5-4253-8F39-F2EDDBCD51D5}.Debug|Any CPU.ActiveCfg = Debug|Any CPU
		{99C3DD44-5BB5-4253-8F39-F2EDDBCD51D5}.Debug|Any CPU.Build.0 = Debug|Any CPU
		{99C3DD44-5BB5-4253-8F39-F2EDDBCD51D5}.Release|Any CPU.ActiveCfg = Release|Any CPU
		{99C3DD44-5BB5-4253-8F39-F2EDDBCD51D5}.Release|Any CPU.Build.0 = Release|Any CPU
		{99C3DD44-5BB5-4253-8F39-F2EDDBCD51D5}.UAT Pre-release|Any CPU.ActiveCfg = UAT Pre-release|Any CPU
		{99C3DD44-5BB5-4253-8F39-F2EDDBCD51D5}.UAT Pre-release|Any CPU.Build.0 = UAT Pre-release|Any CPU
		{DF1EE4D4-DBD6-4755-9340-F0511471ADDF}.Debug|Any CPU.ActiveCfg = Debug|Any CPU
		{DF1EE4D4-DBD6-4755-9340-F0511471ADDF}.Debug|Any CPU.Build.0 = Debug|Any CPU
		{DF1EE4D4-DBD6-4755-9340-F0511471ADDF}.Release|Any CPU.ActiveCfg = Release|Any CPU
		{DF1EE4D4-DBD6-4755-9340-F0511471ADDF}.Release|Any CPU.Build.0 = Release|Any CPU
		{DF1EE4D4-DBD6-4755-9340-F0511471ADDF}.UAT Pre-release|Any CPU.ActiveCfg = UAT Pre-release|Any CPU
		{DF1EE4D4-DBD6-4755-9340-F0511471ADDF}.UAT Pre-release|Any CPU.Build.0 = UAT Pre-release|Any CPU
		{CAFAFA15-DDEF-46F8-8F34-68341C898BF5}.Debug|Any CPU.ActiveCfg = Debug|Any CPU
		{CAFAFA15-DDEF-46F8-8F34-68341C898BF5}.Debug|Any CPU.Build.0 = Debug|Any CPU
		{CAFAFA15-DDEF-46F8-8F34-68341C898BF5}.Release|Any CPU.ActiveCfg = Release|Any CPU
		{CAFAFA15-DDEF-46F8-8F34-68341C898BF5}.Release|Any CPU.Build.0 = Release|Any CPU
		{CAFAFA15-DDEF-46F8-8F34-68341C898BF5}.UAT Pre-release|Any CPU.ActiveCfg = UAT Pre-release|Any CPU
		{CAFAFA15-DDEF-46F8-8F34-68341C898BF5}.UAT Pre-release|Any CPU.Build.0 = UAT Pre-release|Any CPU
		{8058CDB6-883D-4224-A328-167BAC9607D4}.Debug|Any CPU.ActiveCfg = Debug|Any CPU
		{8058CDB6-883D-4224-A328-167BAC9607D4}.Debug|Any CPU.Build.0 = Debug|Any CPU
		{8058CDB6-883D-4224-A328-167BAC9607D4}.Release|Any CPU.ActiveCfg = Release|Any CPU
		{8058CDB6-883D-4224-A328-167BAC9607D4}.Release|Any CPU.Build.0 = Release|Any CPU
		{8058CDB6-883D-4224-A328-167BAC9607D4}.UAT Pre-release|Any CPU.ActiveCfg = UAT Pre-release|Any CPU
		{8058CDB6-883D-4224-A328-167BAC9607D4}.UAT Pre-release|Any CPU.Build.0 = UAT Pre-release|Any CPU
		{6C72C061-5450-4641-A34D-FF841704637C}.Debug|Any CPU.ActiveCfg = Debug|Any CPU
		{6C72C061-5450-4641-A34D-FF841704637C}.Debug|Any CPU.Build.0 = Debug|Any CPU
		{6C72C061-5450-4641-A34D-FF841704637C}.Release|Any CPU.ActiveCfg = Release|Any CPU
		{6C72C061-5450-4641-A34D-FF841704637C}.Release|Any CPU.Build.0 = Release|Any CPU
		{6C72C061-5450-4641-A34D-FF841704637C}.UAT Pre-release|Any CPU.ActiveCfg = Debug|Any CPU
		{6C72C061-5450-4641-A34D-FF841704637C}.UAT Pre-release|Any CPU.Build.0 = Debug|Any CPU
		{40AAD445-FBF9-40FA-90F9-88165A478D56}.Debug|Any CPU.ActiveCfg = Debug|Any CPU
		{40AAD445-FBF9-40FA-90F9-88165A478D56}.Debug|Any CPU.Build.0 = Debug|Any CPU
		{40AAD445-FBF9-40FA-90F9-88165A478D56}.Release|Any CPU.ActiveCfg = Release|Any CPU
		{40AAD445-FBF9-40FA-90F9-88165A478D56}.Release|Any CPU.Build.0 = Release|Any CPU
		{40AAD445-FBF9-40FA-90F9-88165A478D56}.UAT Pre-release|Any CPU.ActiveCfg = Debug|Any CPU
		{40AAD445-FBF9-40FA-90F9-88165A478D56}.UAT Pre-release|Any CPU.Build.0 = Debug|Any CPU
	EndGlobalSection
	GlobalSection(SolutionProperties) = preSolution
		HideSolutionNode = FALSE
	EndGlobalSection
	GlobalSection(NestedProjects) = preSolution
		{D58B8C08-4C20-4494-BD34-F12DB4BCB025} = {3ED9A2E5-7343-4A7D-BA7B-3157257A854A}
		{5E4E1A43-6671-488C-B7DF-46A3B977CE75} = {3ED9A2E5-7343-4A7D-BA7B-3157257A854A}
		{B045328B-331C-47AF-BB9E-AB25C338D2E1} = {5822D1BF-22D6-409F-AD30-8543353EC433}
		{00E262BF-FFF4-48C3-98E7-9A29E7F79925} = {5822D1BF-22D6-409F-AD30-8543353EC433}
		{99C3DD44-5BB5-4253-8F39-F2EDDBCD51D5} = {5822D1BF-22D6-409F-AD30-8543353EC433}
		{CAFAFA15-DDEF-46F8-8F34-68341C898BF5} = {3ED9A2E5-7343-4A7D-BA7B-3157257A854A}
		{8058CDB6-883D-4224-A328-167BAC9607D4} = {5822D1BF-22D6-409F-AD30-8543353EC433}
		{6C72C061-5450-4641-A34D-FF841704637C} = {3ED9A2E5-7343-4A7D-BA7B-3157257A854A}
		{40AAD445-FBF9-40FA-90F9-88165A478D56} = {5822D1BF-22D6-409F-AD30-8543353EC433}
	EndGlobalSection
	GlobalSection(ExtensibilityGlobals) = postSolution
		SolutionGuid = {7232859E-8607-41EE-B5BC-D1D0C4B1F71A}
	EndGlobalSection
EndGlobal
